
Microsoft Visual Studio Solution File, Format Version 12.00
# Visual Studio Version 17
VisualStudioVersion = 17.9.34902.65
MinimumVisualStudioVersion = 10.0.40219.1
Project("{FAE04EC0-301F-11D3-BF4B-00C04F79EFBC}") = "MMSproj1", "MMSproj1\MMSproj1.csproj", "{8B57CF42-02DC-4C4F-9D67-2728A4EC80C0}"
EndProject
Global
	GlobalSection(SolutionConfigurationPlatforms) = preSolution
		Debug|Any CPU = Debug|Any CPU
		Release|Any CPU = Release|Any CPU
	EndGlobalSection
	GlobalSection(ProjectConfigurationPlatforms) = postSolution
		{8B57CF42-02DC-4C4F-9D67-2728A4EC80C0}.Debug|Any CPU.ActiveCfg = Debug|Any CPU
		{8B57CF42-02DC-4C4F-9D67-2728A4EC80C0}.Debug|Any CPU.Build.0 = Debug|Any CPU
		{8B57CF42-02DC-4C4F-9D67-2728A4EC80C0}.Release|Any CPU.ActiveCfg = Release|Any CPU
		{8B57CF42-02DC-4C4F-9D67-2728A4EC80C0}.Release|Any CPU.Build.0 = Release|Any CPU
	EndGlobalSection
	GlobalSection(SolutionProperties) = preSolution
		HideSolutionNode = FALSE
	EndGlobalSection
	GlobalSection(ExtensibilityGlobals) = postSolution
		SolutionGuid = {467DC480-DA33-431D-A18A-65849346BBC5}
	EndGlobalSection
EndGlobal
